{
  "requires": true,
  "lockfileVersion": 1,
  "dependencies": {
    "uview-ui": {
      "version": "2.0.34",
      "resolved": "https://registry.npmjs.org/uview-ui/-/uview-ui-2.0.34.tgz",
      "integrity": "sha512-usJHnPCtk45yLTWTXTpLX9Vuqhzjth/+4t/m+S3J5bZuahv49mVQ126rtSnuAWWVkOUtKCX4CU83gFHZj8nP5g=="
    },
    "yarn": {
      "version": "1.22.19",
      "resolved": "https://registry.npmjs.org/yarn/-/yarn-1.22.19.tgz",
      "integrity": "sha512-/0V5q0WbslqnwP91tirOvldvYISzaqhClxzyUKXYxs07yUILIs5jx/k6CFe8bvKSkds5w+eiOqta39Wk3WxdcQ=="
    }
  }
}
